
Microsoft Visual Studio Solution File, Format Version 12.00
# Visual Studio Version 17
VisualStudioVersion = 17.1.32328.378
MinimumVisualStudioVersion = 10.0.40219.1
Project("{FAE04EC0-301F-11D3-BF4B-00C04F79EFBC}") = "BasicCorePrograms", "BasicCorePrograms.csproj", "{6CAC3630-DAC5-40AC-9029-7B354245F68E}"
EndProject
Global
	GlobalSection(SolutionConfigurationPlatforms) = preSolution
		Debug|Any CPU = Debug|Any CPU
		Release|Any CPU = Release|Any CPU
	EndGlobalSection
	GlobalSection(ProjectConfigurationPlatforms) = postSolution
		{6CAC3630-DAC5-40AC-9029-7B354245F68E}.Debug|Any CPU.ActiveCfg = Debug|Any CPU
		{6CAC3630-DAC5-40AC-9029-7B354245F68E}.Debug|Any CPU.Build.0 = Debug|Any CPU
		{6CAC3630-DAC5-40AC-9029-7B354245F68E}.Release|Any CPU.ActiveCfg = Release|Any CPU
		{6CAC3630-DAC5-40AC-9029-7B354245F68E}.Release|Any CPU.Build.0 = Release|Any CPU
	EndGlobalSection
	GlobalSection(SolutionProperties) = preSolution
		HideSolutionNode = FALSE
	EndGlobalSection
	GlobalSection(ExtensibilityGlobals) = postSolution
		SolutionGuid = {7E816112-59AF-4B4E-9227-638F846E5891}
	EndGlobalSection
EndGlobal
